
Microsoft Visual Studio Solution File, Format Version 12.00
# Visual Studio Version 16
VisualStudioVersion = 25.0.1704.3
MinimumVisualStudioVersion = 10.0.40219.1
Project("{FAE04EC0-301F-11D3-BF4B-00C04F79EFBC}") = "StudentsApi", "StudentsApi\StudentsApi.csproj", "{1BEBADF3-94B1-4FEB-BFC2-B351662EB977}"
EndProject
Global
	GlobalSection(SolutionConfigurationPlatforms) = preSolution
		Debug|Any CPU = Debug|Any CPU
		Release|Any CPU = Release|Any CPU
	EndGlobalSection
	GlobalSection(ProjectConfigurationPlatforms) = postSolution
		{1BEBADF3-94B1-4FEB-BFC2-B351662EB977}.Debug|Any CPU.ActiveCfg = Debug|Any CPU
		{1BEBADF3-94B1-4FEB-BFC2-B351662EB977}.Debug|Any CPU.Build.0 = Debug|Any CPU
		{1BEBADF3-94B1-4FEB-BFC2-B351662EB977}.Release|Any CPU.ActiveCfg = Release|Any CPU
		{1BEBADF3-94B1-4FEB-BFC2-B351662EB977}.Release|Any CPU.Build.0 = Release|Any CPU
	EndGlobalSection
	GlobalSection(SolutionProperties) = preSolution
		HideSolutionNode = FALSE
	EndGlobalSection
	GlobalSection(ExtensibilityGlobals) = postSolution
		SolutionGuid = {55ECFC01-AA65-4068-AAD8-80440E84ACF0}
	EndGlobalSection
EndGlobal
